PODS:
  - Flutter (1.0.0)
  - flutter_native_splash (0.0.1):
    - Flutter
  - flutter_secure_storage (6.0.0):
    - Flutter
  - flutter_web_browser (0.17.1):
    - Flutter
  - path_provider_foundation (0.0.1):
    - Flutter
    - FlutterMacOS
  - shared_preferences_foundation (0.0.1):
    - Flutter
    - FlutterMacOS
  - sqlite3 (3.38.5):
    - sqlite3/common (= 3.38.5)
  - sqlite3/common (3.38.5)
  - sqlite3/fts5 (3.38.5):
    - sqlite3/common
  - sqlite3/json1 (3.38.5):
    - sqlite3/common
  - sqlite3/perf-threadsafe (3.38.5):
    - sqlite3/common
  - sqlite3/rtree (3.38.5):
    - sqlite3/common
  - sqlite3_flutter_libs (0.0.1):
    - Flutter
    - sqlite3 (~> 3.38.2)
    - sqlite3/fts5
    - sqlite3/json1
    - sqlite3/perf-threadsafe
    - sqlite3/rtree

DEPENDENCIES:
  - Flutter (from `Flutter`)
  - flutter_native_splash (from `.symlinks/plugins/flutter_native_splash/ios`)
  - flutter_secure_storage (from `.symlinks/plugins/flutter_secure_storage/ios`)
  - flutter_web_browser (from `.symlinks/plugins/flutter_web_browser/ios`)
  - path_provider_foundation (from `.symlinks/plugins/path_provider_foundation/darwin`)
  - shared_preferences_foundation (from `.symlinks/plugins/shared_preferences_foundation/darwin`)
  - sqlite3_flutter_libs (from `.symlinks/plugins/sqlite3_flutter_libs/ios`)

SPEC REPOS:
  trunk:
    - sqlite3

EXTERNAL SOURCES:
  Flutter:
    :path: Flutter
  flutter_native_splash:
    :path: ".symlinks/plugins/flutter_native_splash/ios"
  flutter_secure_storage:
    :path: ".symlinks/plugins/flutter_secure_storage/ios"
  flutter_web_browser:
    :path: ".symlinks/plugins/flutter_web_browser/ios"
  path_provider_foundation:
    :path: ".symlinks/plugins/path_provider_foundation/darwin"
  shared_preferences_foundation:
    :path: ".symlinks/plugins/shared_preferences_foundation/darwin"
  sqlite3_flutter_libs:
    :path: ".symlinks/plugins/sqlite3_flutter_libs/ios"

SPEC CHECKSUMS:
  Flutter: f04841e97a9d0b0a8025694d0796dd46242b2854
  flutter_native_splash: 52501b97d1c0a5f898d687f1646226c1f93c56ef
  flutter_secure_storage: 23fc622d89d073675f2eaa109381aefbcf5a49be
  flutter_web_browser: 7bccaafbb0c5b8862afe7bcd158f15557109f61f
  path_provider_foundation: c68054786f1b4f3343858c1e1d0caaded73f0be9
  shared_preferences_foundation: 986fc17f3d3251412d18b0265f9c64113a8c2472
  sqlite3: 93442daab2ab1825bc9c05faa85814a1996f5b65
  sqlite3_flutter_libs: e21c8c90448ce608a0d685e717727c46f37c6695

PODFILE CHECKSUM: 4e8f8b2be68aeea4c0d5beb6ff1e79fface1d048

COCOAPODS: 1.12.1
